cloud.google.com/go v0.26.0/go.mod h1:aQUYkXzVsufM+DwF1aE+0xfcU+56JwCaLick0ClmMTw=
cloud.google.com/go v0.34.0/go.mod h1:aQUYkXzVsufM+DwF1aE+0xfcU+56JwCaLick0ClmMTw=
github.com/Azure/go-ansiterm v0.0.0-20170929234023-d6e3b3328b78/go.mod h1:LmzpDX56iTiv29bbRTIsUNlaFfuhWRQBWjQdVyAevI8=
github.com/BurntSushi/toml v0.3.1 h1:WXkYYl6Yr3qBf1K79EBnL4mak0OimBfB0XUf9Vl28OQ=
github.com/BurntSushi/toml v0.3.1/go.mod h1:xHWCNGjB5oqiDr8zfno3MHue2Ht5sIBksp03qcyfWMU=
github.com/DataDog/datadog-go v3.4.0+incompatible/go.mod h1:LButxg5PwREeZtORoXG3tL4fMGNddJ+vMq1mwgfaqoQ=
github.com/DataDog/zstd v1.3.4/go.mod h1:1jcaCB/ufaK+sKp1NBhlGmpz41jOoPQ35bpF36t7BBo=
github.com/DataDog/zstd v1.3.6-0.20190409195224-796139022798/go.mod h1:1jcaCB/ufaK+sKp1NBhlGmpz41jOoPQ35bpF36t7BBo=
github.com/DataDog/zstd v1.4.0/go.mod h1:1jcaCB/ufaK+sKp1NBhlGmpz41jOoPQ35bpF36t7BBo=
github.com/Microsoft/go-winio v0.4.11/go.mod h1:VhR8bwka0BXejwEJY73c50VrPtXAaKcyvVC4A4RozmA=
github.com/Microsoft/go-winio v0.4.12/go.mod h1:VhR8bwka0BXejwEJY73c50VrPtXAaKcyvVC4A4RozmA=
github.com/MindTickle/baton-protos v1.20.9/go.mod h1:ONK2fcQ3jYPcWhI0OeI++dXr9oOS1/z5FT49PNMDT4s=
github.com/MindTickle/baton-rabbitmq v0.0.84 h1:lLqyJR4JnweG0WWw40NsVHY7XLEKq4cmU0uCt+ns/rs=
github.com/MindTickle/baton-rabbitmq v0.0.84/go.mod h1:zbFRff+nhJGKZ2o/rdylAFuuZZbNLaJlipuDpZilxiM=
github.com/MindTickle/content_engine_migration v1.50.1 h1:kCiO31VSyjA5ppDsk5FoJROPUuaznT/vevTBPZfCiOM=
github.com/MindTickle/content_engine_migration v1.50.1/go.mod h1:rLXPB2AC2Yw8ptdIC+0UpGkNSeooVqC5sHlEShZ7L6s=
github.com/MindTickle/content_engine_migration v1.50.3 h1:vHoF+QLmFRja14GahMxZ9dYFEzflRmjXh+0P887dzyI=
github.com/MindTickle/content_engine_migration v1.50.3/go.mod h1:K8N3XpBExpsh6CDdXP+MqdmmVWGdu3Arc0hx3nUxZ8E=
github.com/MindTickle/dbaas v1.20.15/go.mod h1:cjxRfBGXSSJkF+ZUnZX1n0mvAWMDT0Pygavh9aCoK3c=
github.com/MindTickle/ge_summary_migration v1.50.1 h1:iu9KclHM8ctPahhA54nlrv4yE6Oc5UDb7j0lUT20aHM=
github.com/MindTickle/ge_summary_migration v1.50.1/go.mod h1:liVrLoQKgo4a2MfbUEruIsrekiYQhUssTYQkS42uNRc=
github.com/MindTickle/ge_summary_migration v1.50.3 h1:QtVt26Wf/iZOImsvDUBe1VRXnLYxa4iy0jbo6OoBzyk=
github.com/MindTickle/ge_summary_migration v1.50.3/go.mod h1:SG3mEaOwpcYYKKqMUNhUwZWujClBigJhW8Tvxtqowe8=
github.com/MindTickle/infracommon v1.20.38/go.mod h1:fJm2Lcp4IanqjoJ/qLX1MyVUEWwxrqP4HCvc1E4iExM=
github.com/MindTickle/infracommon v1.20.39/go.mod h1:fJm2Lcp4IanqjoJ/qLX1MyVUEWwxrqP4HCvc1E4iExM=
github.com/MindTickle/infracommon v1.20.40/go.mod h1:fJm2Lcp4IanqjoJ/qLX1MyVUEWwxrqP4HCvc1E4iExM=
github.com/MindTickle/infracommon v1.21.24 h1:y2GN7MiQCXTFIcXtry/1JMfhPbQ6DYtggo7UlQ8gqXQ=
github.com/MindTickle/infracommon v1.21.24/go.mod h1:bfT/bJiaZI8U+qZih7iNLq0+HLbwb8HzJRSDllIgDsY=
github.com/MindTickle/infracommon v1.21.25/go.mod h1:bfT/bJiaZI8U+qZih7iNLq0+HLbwb8HzJRSDllIgDsY=
github.com/MindTickle/infracommon v1.21.30/go.mod h1:eE0mFulWhTwz+/Pfa9e0uiLXs3R6iMMQgHp9+cWmRGo=
github.com/MindTickle/infracommon v1.21.32 h1:1b2IprI6xrjAB7sb4DUVgZYCStcLSoOxvMDGxHwtihA=
github.com/MindTickle/infracommon v1.21.32/go.mod h1:eE0mFulWhTwz+/Pfa9e0uiLXs3R6iMMQgHp9+cWmRGo=
github.com/MindTickle/infracommon v1.22.7 h1:Khdd7wy/u4gjqjJp+bMxpJHDEgS1M97yieGFXfUdJM0=
github.com/MindTickle/infracommon v1.22.7/go.mod h1:eE0mFulWhTwz+/Pfa9e0uiLXs3R6iMMQgHp9+cWmRGo=
github.com/MindTickle/jsonparser v1.0.0/go.mod h1:9seUsfBAwjon3nCjc6r8101EwP88jFTcP0d2+J2u/nA=
github.com/MindTickle/mt-store-common v1.0.66 h1:Sfz7WKyB9j59zrnTWZNNaGkqwlqd8eGpvvkAKdoqO3o=
github.com/MindTickle/mt-store-common v1.0.66/go.mod h1:PcDchpvt4nqYXJsCzswqnGZzw4IF7grM29t7yvErF48=
github.com/MindTickle/munimG v0.0.0-20190423145650-2fda0263d7a3/go.mod h1:nwOdjc3llwNsOirIaIJPZW82uyV2lZMz/tb3kDNL7Xg=
github.com/MindTickle/platform-common v1.70.13/go.mod h1:UcXtAsqgmf22H1urw7rszRX4rbw+OgGnS0TmAn7RTNQ=
github.com/MindTickle/platform-common v1.70.14 h1:Eyp0/4kQ3lmy40abxOvB6Y8bUqKaeXthafjyLwG0kuE=
github.com/MindTickle/platform-common v1.70.14/go.mod h1:UvQlxabBsuv0+cqzcELZLzW1GmUzRJ048CnWZR3rU1c=
github.com/MindTickle/platform-common v1.70.41 h1:zlZYzPsN8IleqqZwVpAE6gJRcgRpOiN/JnJRCjXwkis=
github.com/MindTickle/platform-common v1.70.41/go.mod h1:0ZwQpm/YEg7ybbMNZMaD/0vhBVPK0c7vBPsDQ7EJfo8=
github.com/MindTickle/platform-common v1.70.44 h1:9m18mV6VFTL90FI5rKFwJ4PO5ck5qyM4TLZeQfnFjFs=
github.com/MindTickle/platform-common v1.70.44/go.mod h1:0ZwQpm/YEg7ybbMNZMaD/0vhBVPK0c7vBPsDQ7EJfo8=
github.com/MindTickle/platform-common v1.70.55 h1:Mlf1la743mF7MbnftlBsnJXqrjFV5I5LXn57nwhBq8Y=
github.com/MindTickle/platform-common v1.70.55/go.mod h1:0ZwQpm/YEg7ybbMNZMaD/0vhBVPK0c7vBPsDQ7EJfo8=
github.com/MindTickle/platform-go-rest-client v1.50.19 h1:QmUiAETCZKO78S3RiDS4M3gJwM9xGd94XOdmYw1J3FI=
github.com/MindTickle/platform-go-rest-client v1.50.19/go.mod h1:MPjkf/2/m1ZVE8tszBskqgVXkOsEO0qdShRcwcyoo0U=
github.com/MindTickle/platform-go-rest-client v1.70.44/go.mod h1:iRtXUflG+T3vuTPPxGYqgugh6S0Zgmw08rHiRDNc4Nk=
github.com/MindTickle/platform-go-rest-client v1.70.60/go.mod h1:iRtXUflG+T3vuTPPxGYqgugh6S0Zgmw08rHiRDNc4Nk=
github.com/MindTickle/platform-go-rest-client v1.70.62 h1:eJu8NhKZiogJpEvyauZF5P90l4G9jvwyOX/KKQtxuh0=
github.com/MindTickle/platform-go-rest-client v1.70.62/go.mod h1:iRtXUflG+T3vuTPPxGYqgugh6S0Zgmw08rHiRDNc4Nk=
github.com/MindTickle/platform-go-rest-client v1.70.86 h1:QgbT+tH/BlvdWV7MngWuTSGKHj3N2ZQluJWHj2KN8uI=
github.com/MindTickle/platform-go-rest-client v1.70.86/go.mod h1:GLaWRlau/WZyFooWY/WVRevmGn13OAdJMzYjfAGWeGs=
github.com/MindTickle/platform-go-rest-client v1.70.89 h1:T2SgbM5/EChM7mwaNyLldOQCbi4HofZ1tuFb+bg4s28=
github.com/MindTickle/platform-go-rest-client v1.70.89/go.mod h1:GLaWRlau/WZyFooWY/WVRevmGn13OAdJMzYjfAGWeGs=
github.com/MindTickle/platform-protos v1.50.108/go.mod h1:7z2U02DV4PldBo6C76eA8HQF5uVxL3HmuPz1Ney686Y=
github.com/MindTickle/platform-protos v1.70.19 h1:5Z21L895o8kOUqGTaYTcLK+/7l3X1PsCKlOAk0Abeio=
github.com/MindTickle/platform-protos v1.70.19/go.mod h1:ydpd4wDn1OYyR33nGGC8oRSfdO63aKtTGKXgtzUdrbU=
github.com/MindTickle/platform-protos v1.70.199 h1:t+mQngeC6JDnvt1fdE0WZhaoWKEbt2SSf7iI0f5zbcE=
github.com/MindTickle/platform-protos v1.70.199/go.mod h1:7z2U02DV4PldBo6C76eA8HQF5uVxL3HmuPz1Ney686Y=
github.com/MindTickle/platform-protos v1.70.235 h1:j6MciqJOIsJZc8SKn1zJ+znxM0TfUK+OVxCO0S7EuQw=
github.com/MindTickle/platform-protos v1.70.235/go.mod h1:7z2U02DV4PldBo6C76eA8HQF5uVxL3HmuPz1Ney686Y=
github.com/MindTickle/storageprotos v1.0.19/go.mod h1:UKrxvYKopGxKW8wthdQ5rA6OM4iWN2IaPVs7bkV2DCQ=
github.com/MindTickle/storageprotos v1.0.34 h1:U2DM9d6A0C0PsoIC12Bsmqb6WAevgPlmfCjkfdzsKpo=
github.com/MindTickle/storageprotos v1.0.34/go.mod h1:UKrxvYKopGxKW8wthdQ5rA6OM4iWN2IaPVs7bkV2DCQ=
github.com/MindTickle/storageprotos v1.0.45/go.mod h1:UKrxvYKopGxKW8wthdQ5rA6OM4iWN2IaPVs7bkV2DCQ=
github.com/MindTickle/storageprotos v1.0.53 h1:5meax7PZpidigl1M/8Qi9rxtwIslO5PyWO7haMg3YsY=
github.com/MindTickle/storageprotos v1.0.53/go.mod h1:UKrxvYKopGxKW8wthdQ5rA6OM4iWN2IaPVs7bkV2DCQ=
github.com/MindTickle/storageprotos v1.0.64 h1:0yNIsd/0d3Tq9/6mnAtw6R1LsiFEL+TVPiq5riEbs7c=
github.com/MindTickle/storageprotos v1.0.64/go.mod h1:NksOaiTZrGbYroF8+gLjskKNhTRs7YkrZiKfyLa4fe0=
github.com/MindTickle/storageprotos v1.0.65 h1:ymX9jQaWahDiTrU+h7JO31zHSUaEZtuiQYcP8jDJvuE=
github.com/MindTickle/storageprotos v1.0.65/go.mod h1:NksOaiTZrGbYroF8+gLjskKNhTRs7YkrZiKfyLa4fe0=
github.com/MindTickle/tickle-db-dbaas v1.0.15/go.mod h1:y3K4PpIRF1bTTG09y12WnQWE3BA/FGRs/rUgZkQe8KM=
github.com/MindTickle/tickle-db-dbaas v1.0.21/go.mod h1:BAVpCNNUsMd5FSYZSHW+n+hNCm1Be2B5Mm3J1GSIi10=
github.com/MindTickle/tickle-db-dbaas v1.0.24/go.mod h1:BAVpCNNUsMd5FSYZSHW+n+hNCm1Be2B5Mm3J1GSIi10=
github.com/MindTickle/user-migration v1.50.1 h1:y6MplSaeO+LG9E7e/jEO4JexuHXMwLYzb0rHCP49ESM=
github.com/MindTickle/user-migration v1.50.1/go.mod h1:Gj8rIVedDAisybZ9Iz6ecxguU19hlUiwhGAKNKooHFM=
github.com/MindTickle/user-migration v1.50.4 h1:QTqM7maV1kTFSAgCY7NDdXfx6eko1hcyhjINqBk1V6g=
github.com/MindTickle/user-migration v1.50.4/go.mod h1:W3o9nTu1PakVAn4dLeuJmCF9+ME2hPJNB+1tRKMJTTA=
github.com/Nvveen/Gotty v0.0.0-20120604004816-cd527374f1e5/go.mod h1:lmUJ/7eu/Q8D7ML55dXQrVaamCz2vxCfdQBasLZfHKk=
github.com/Shopify/sarama v1.20.0/go.mod h1:FVkBWblsNy7DGZRfXLU0O9RCGt5g3g3yEuWXgklEdEo=
github.com/Shopify/sarama v1.23.1/go.mod h1:XLH1GYJnLVE0XCr6KdJGVJRTwY30moWNJ4sERjXX6fs=
github.com/Shopify/toxiproxy v2.1.4+incompatible/go.mod h1:OXgGpZ6Cli1/URJOF1DMxUHB2q5Ap20/P/eIdh4G0pI=
github.com/Unix4ever/statsd v0.0.0-20160120230120-a8219f1fb9d8 h1:Z2mWzwrj1bPcMWAyqWkadeguRCOzkQOcoqJG0yitrjk=
github.com/Unix4ever/statsd v0.0.0-20160120230120-a8219f1fb9d8/go.mod h1:flll3wbNf1Qxq2GxIDF5x0IEnv0BvkBSbPSEsnW9I4Q=
github.com/VividCortex/mysqlerr v0.0.0-20170204212430-6c6b55f8796f h1:HR5nRmUQgXrwqZOwZ2DAc/aCi3Bu3xENpspW935vxu0=
github.com/VividCortex/mysqlerr v0.0.0-20170204212430-6c6b55f8796f/go.mod h1:f3HiCrHjHBdcm6E83vGaXh1KomZMA2P6aeo3hKx/wg0=
github.com/alecthomas/template v0.0.0-20160405071501-a0175ee3bccc/go.mod h1:LOuyumcjzFXgccqObfd/Ljyb9UuFJ6TxHnclSeseNhc=
github.com/alecthomas/template v0.0.0-20190718012654-fb15b899a751/go.mod h1:LOuyumcjzFXgccqObfd/Ljyb9UuFJ6TxHnclSeseNhc=
github.com/alecthomas/units v0.0.0-20151022065526-2efee857e7cf/go.mod h1:ybxpYRFXyAe+OPACYpWeL0wqObRcbAqCMya13uyzqw0=
github.com/alecthomas/units v0.0.0-20190717042225-c3de453c63f4/go.mod h1:ybxpYRFXyAe+OPACYpWeL0wqObRcbAqCMya13uyzqw0=
github.com/antihax/optional v1.0.0/go.mod h1:uupD/76wgC+ih3iEmQUL+0Ugr19nfwCT1kdvxnR2qWY=
github.com/aws/aws-sdk-go v1.28.9/go.mod h1:KmX6BPdI08NWTb3/sm4ZGu5ShLoqVDhKgpiN924inxo=
github.com/beorn7/perks v0.0.0-20180321164747-3a771d992973/go.mod h1:Dwedo/Wpr24TaqPxmxbtue+5NUziq4I4S80YR8gNf3Q=
github.com/beorn7/perks v1.0.0/go.mod h1:KWe93zE9D1o94FZ5RNwFwVgaQK1VOXiVxmqh+CedLV8=
github.com/beorn7/perks v1.0.1/go.mod h1:G2ZrVWU2WbWT9wwq4/hrbKbnv/1ERSJQ0ibhJ6rlkpw=
github.com/bwmarrin/snowflake v0.1.0 h1:XR/BEjtal8tZSG7C4bIliPccb0e1p3OIs06Xdc2mBdA=
github.com/bwmarrin/snowflake v0.1.0/go.mod h1:NdZxfVWX+oR6y2K0o6qAYv6gIOP9rjG0/E9WsDpxqwE=
github.com/bwmarrin/snowflake v0.3.0 h1:xm67bEhkKh6ij1790JB83OujPR5CzNe8QuQqAgISZN0=
github.com/bwmarrin/snowflake v0.3.0/go.mod h1:NdZxfVWX+oR6y2K0o6qAYv6gIOP9rjG0/E9WsDpxqwE=
github.com/cactus/go-statsd-client/statsd v0.0.0-20191106001114-12b4e2b38748 h1:bXxS5/Z3/dfc8iFniQfgogNBomo0u+1//9eP+jl8GVo=
github.com/cactus/go-statsd-client/statsd v0.0.0-20191106001114-12b4e2b38748/go.mod h1:l/bIBLeOl9eX+wxJAzxS4TveKRtAqlyDpHjhkfO0MEI=
github.com/cenkalti/backoff v2.1.0+incompatible/go.mod h1:90ReRw6GdpyfrHakVjL/QHaoyV4aDUVVkXQJJJ3NXXM=
github.com/cenkalti/backoff v2.1.1+incompatible/go.mod h1:90ReRw6GdpyfrHakVjL/QHaoyV4aDUVVkXQJJJ3NXXM=
github.com/census-instrumentation/opencensus-proto v0.2.1/go.mod h1:f6KPmirojxKA12rnyqOA5BBL4O983OfeGPqjHWSTneU=
github.com/cespare/xxhash/v2 v2.1.1/go.mod h1:VGX0DQ3Q6kWi7AoAeZDth3/j3BFtOZR5XLFGgcrjCOs=
github.com/client9/misspell v0.3.4/go.mod h1:qj6jICC3Q7zFZvVWo7KLAzC3yx5G7kyvSDkc90ppPyw=
github.com/cncf/udpa/go v0.0.0-20191209042840-269d4d468f6f/go.mod h1:M8M6+tZqaGXZJjfX53e64911xZQV5JYwmTeXPW+k8Sc=
github.com/containerd/continuity v0.0.0-20181203112020-004b46473808/go.mod h1:GL3xCUCBDV3CZiTSEKksMWbLE66hEyuu9qyDOOqM47Y=
github.com/containerd/continuity v0.0.0-20190426062206-aaeac12a7ffc/go.mod h1:GL3xCUCBDV3CZiTSEKksMWbLE66hEyuu9qyDOOqM47Y=
github.com/davecgh/go-spew v1.1.0/go.mod h1:J7Y8YcW2NihsgmVo/mv3lAwl/skON4iLHjSsI+c5H38=
github.com/davecgh/go-spew v1.1.1 h1:vj9j/u1bqnvCEfJOwUhtlOARqs3+rkHYY13jYWTU97c=
github.com/davecgh/go-spew v1.1.1/go.mod h1:J7Y8YcW2NihsgmVo/mv3lAwl/skON4iLHjSsI+c5H38=
github.com/dchest/uniuri v0.0.0-20160212164326-8902c56451e9/go.mod h1:GgB8SF9nRG+GqaDtLcwJZsQFhcogVCJ79j4EdT0c2V4=
github.com/docker/go-connections v0.4.0/go.mod h1:Gbd7IOopHjR8Iph03tsViu4nIes5XhDvyHbTtUxmeec=
github.com/docker/go-units v0.3.3/go.mod h1:fgPhTUdO+D/Jk86RDLlptpiXQzgHJF7gydDDbaIK4Dk=
github.com/docker/go-units v0.4.0/go.mod h1:fgPhTUdO+D/Jk86RDLlptpiXQzgHJF7gydDDbaIK4Dk=
github.com/eapache/go-resiliency v1.1.0/go.mod h1:kFI+JgMyC7bLPUVY133qvEBtVayf5mFgVsvEsIPBvNs=
github.com/eapache/go-resiliency v1.2.0/go.mod h1:kFI+JgMyC7bLPUVY133qvEBtVayf5mFgVsvEsIPBvNs=
github.com/eapache/go-xerial-snappy v0.0.0-20180814174437-776d5712da21/go.mod h1:+020luEh2TKB4/GOp8oxxtq0Daoen/Cii55CzbTV6DU=
github.com/eapache/queue v1.1.0/go.mod h1:6eCeP0CKFpHLu8blIFXhExK/dRa7WDZfr6jVFPTqq+I=
github.com/envoyproxy/go-control-plane v0.6.9/go.mod h1:SBwIajubJHhxtWwsL9s8ss4safvEdbitLhGGK48rN6g=
github.com/envoyproxy/go-control-plane v0.9.0/go.mod h1:YTl/9mNaCwkRvm6d1a2C3ymFceY/DCBVvsKhRF0iEA4=
github.com/envoyproxy/go-control-plane v0.9.1-0.20191026205805-5f8ba28d4473/go.mod h1:YTl/9mNaCwkRvm6d1a2C3ymFceY/DCBVvsKhRF0iEA4=
github.com/envoyproxy/go-control-plane v0.9.4/go.mod h1:6rpuAdCZL397s3pYoYcLgu1mIlRU8Am5FuJP05cCM98=
github.com/envoyproxy/protoc-gen-validate v0.1.0/go.mod h1:iSmxcyjqTsJpI2R4NaDN7+kN2VEUnK/pcBlmesArF7c=
github.com/fortytw2/leaktest v1.2.0/go.mod h1:jDsjWgpAGjm2CA7WthBh/CdZYEPF31XHquHwclZch5g=
github.com/frankban/quicktest v1.6.0/go.mod h1:jaStnuzAqU1AJdCO0l53JDCJrVDKcS03DbaAcR7Ks/o=
github.com/ghodss/yaml v1.0.0/go.mod h1:4dBDuWmgqj2HViK6kFavaiC9ZROes6MMH2rRYeMEF04=
github.com/go-kit/kit v0.8.0/go.mod h1:xBxKIO96dXMWWy0MnWVtmwkA9/13aqxPnvrjFYMA2as=
github.com/go-kit/kit v0.9.0/go.mod h1:xBxKIO96dXMWWy0MnWVtmwkA9/13aqxPnvrjFYMA2as=
github.com/go-logfmt/logfmt v0.3.0/go.mod h1:Qt1PoO58o5twSAckw1HlFXLmHsOX5/0LbT9GBnD5lWE=
github.com/go-logfmt/logfmt v0.4.0/go.mod h1:3RMwSq7FuexP4Kalkev3ejPJsZTpXXBr9+V4qmtdjCk=
github.com/go-sql-driver/mysql v1.4.1 h1:g24URVg0OFbNUTx9qqY1IRZ9D9z3iPyi5zKhQZpNwpA=
github.com/go-sql-driver/mysql v1.4.1/go.mod h1:zAC/RDZ24gD3HViQzih4MyKcchzm+sOG5ZlKdlhCg5w=
github.com/go-stack/stack v1.8.0/go.mod h1:v0f6uXyyMGvRgIKkXu+yp6POWl0qKG85gN/melR3HDY=
github.com/gogo/googleapis v1.1.0/go.mod h1:gf4bu3Q80BeJ6H1S1vYPm8/ELATdvryBaNFGgqEef3s=
github.com/gogo/protobuf v1.1.1/go.mod h1:r8qH/GZQm5c6nD/R0oafs1akxWv10x8SbQlK7atdtwQ=
github.com/gogo/protobuf v1.2.0/go.mod h1:r8qH/GZQm5c6nD/R0oafs1akxWv10x8SbQlK7atdtwQ=
github.com/gogo/protobuf v1.2.1/go.mod h1:hp+jE20tsWTFYpLwKvXlhS1hjn+gTNwPg2I6zVXpSg4=
github.com/golang/glog v0.0.0-20160126235308-23def4e6c14b h1:VKtxabqXZkF25pY9ekfRL6a582T4P37/31XEstQ5p58=
github.com/golang/glog v0.0.0-20160126235308-23def4e6c14b/go.mod h1:SBH7ygxi8pfUlaOkMMuAQtPIUF8ecWP5IEl/CR7VP2Q=
github.com/golang/lint v0.0.0-20180702182130-06c8688daad7/go.mod h1:tluoj9z5200jBnyusfRPU2LqT6J+DAorxEvtC7LHB+E=
github.com/golang/mock v1.1.1/go.mod h1:oTYuIxOrZwtPieC+H1uAHpcLFnEyAGVDL/k47Jfbm0A=
github.com/golang/mock v1.3.1/go.mod h1:sBzyDLLjw3U8JLTeZvSv8jJB+tU5PVekmnlKIyFUx0Y=
github.com/golang/protobuf v1.2.0/go.mod h1:6lQm79b+lXiMfvg/cZm0SGofjICqVBUtrP5yJMmIC1U=
github.com/golang/protobuf v1.3.1 h1:YF8+flBXS5eO826T4nzqPrxfhQThhXl0YzfuUPu4SBg=
github.com/golang/protobuf v1.3.1/go.mod h1:6lQm79b+lXiMfvg/cZm0SGofjICqVBUtrP5yJMmIC1U=
github.com/golang/protobuf v1.3.2 h1:6nsPYzhq5kReh6QImI3k5qWzO4PEbvbIW2cwSfR/6xs=
github.com/golang/protobuf v1.3.2/go.mod h1:6lQm79b+lXiMfvg/cZm0SGofjICqVBUtrP5yJMmIC1U=
github.com/golang/protobuf v1.3.3 h1:gyjaxf+svBWX08ZjK86iN9geUJF0H6gp2IRKX6Nf6/I=
github.com/golang/protobuf v1.3.3/go.mod h1:vzj43D7+SQXF/4pzW/hwtAqwc6iTitCiVSaWz5lYuqw=
github.com/golang/snappy v0.0.0-20180518054509-2e65f85255db/go.mod h1:/XxbfmMg8lxefKM7IXC3fBNl/7bRcc72aCRzEWrmP2Q=
github.com/golang/snappy v0.0.1/go.mod h1:/XxbfmMg8lxefKM7IXC3fBNl/7bRcc72aCRzEWrmP2Q=
github.com/google/go-cmp v0.2.0/go.mod h1:oXzfMopK8JAjlY9xF4vHSVASa0yLyX7SntLO5aqRK0M=
github.com/google/go-cmp v0.3.1/go.mod h1:8QqcDgzrUqlUb/G2PQTWiueGozuR1884gddMywk6iLU=
github.com/google/go-cmp v0.4.0/go.mod h1:v8dTdLbMG2kIc/vJvl+f65V22dbkXbowE6jgT/gNBxE=
github.com/google/gofuzz v1.0.0/go.mod h1:dBl0BpW6vV/+mYPU4Po3pmUjxk6FQPldtuIdl/M65Eg=
github.com/google/renameio v0.1.0/go.mod h1:KWCgfxg9yswjAJkECMjeO8J8rahYeXnNhOm40UhjYkI=
github.com/google/uuid v1.1.0/go.mod h1:TIyPZe4MgqvfeYDBFedMoGGpEw/LqOeaOT+nhxU+yHo=
github.com/google/uuid v1.1.1/go.mod h1:TIyPZe4MgqvfeYDBFedMoGGpEw/LqOeaOT+nhxU+yHo=
github.com/google/uuid v1.1.2/go.mod h1:TIyPZe4MgqvfeYDBFedMoGGpEw/LqOeaOT+nhxU+yHo=
github.com/googleapis/googleapis v0.0.0-20191220010737-50af05307303/go.mod h1:XrPm4xpez/lHHyE+8/G+NqQRcB4lg42HF9zQVTvxtXw=
github.com/gopherjs/gopherjs v0.0.0-20181017120253-0766667cb4d1 h1:EGx4pi6eqNxGaHF6qqu48+N2wcFQ5qg5FXgOdqsJ5d8=
github.com/gopherjs/gopherjs v0.0.0-20181017120253-0766667cb4d1/go.mod h1:wJfORRmW1u3UXTncJ5qlYoELFm8eSnnEO6hX4iZ3EWY=
github.com/gorilla/mux v1.7.3/go.mod h1:1lud6UwP+6orDFRuTfBEV8e9/aOM/c4fVVCaMa2zaAs=
github.com/graph-gophers/graphql-go v0.0.0-20191115155744-f33e81362277/go.mod h1:9CQHMSxwO4MprSdzoIEobiHpoLtHm77vfxsvsIN5Vuc=
github.com/grpc-ecosystem/go-grpc-middleware v1.0.0/go.mod h1:FiyG127CGDf3tlThmgyCl78X/SZQqEOJBCDaAfeWzPs=
github.com/grpc-ecosystem/go-grpc-middleware v1.1.0/go.mod h1:f5nM7jw/oeRSadq3xCzHAvxcr8HZnzsqU6ILg/0NiiE=
github.com/grpc-ecosystem/go-grpc-prometheus v1.2.0/go.mod h1:8NvIoxWQoOIhqOTXgfV/d3M/q6VIi02HzZEHgUlZvzk=
github.com/grpc-ecosystem/grpc-gateway v1.6.2/go.mod h1:RSKVYQBd5MCa4OVpNdGskqpgL2+G+NZTnrVHpWWfpdw=
github.com/grpc-ecosystem/grpc-gateway v1.16.0 h1:gmcG1KaJ57LophUzW0Hy8NmPhnMZb4M0+kPpLofRdBo=
github.com/grpc-ecosystem/grpc-gateway v1.16.0/go.mod h1:BDjrQk3hbvj6Nolgz8mAMFbcEtjT1g+wF4CSlocrBnw=
github.com/hashicorp/go-uuid v1.0.1/go.mod h1:6SBZvOh/SIDV7/2o3Jml5SYk/TvGqwFJ/bN7x4byOro=
github.com/iancoleman/strcase v0.0.0-20180726023541-3605ed457bf7/go.mod h1:SK73tn/9oHe+/Y0h39VT4UCxmurVJkR5NA7kMEAOgSE=
github.com/jcmturner/gofork v0.0.0-20190328161633-dc7c13fece03/go.mod h1:MK8+TM0La+2rjBD4jE12Kj1pCCxK7d2LK/UM3ncEo0o=
github.com/jinzhu/copier v0.0.0-20180308034124-7e38e58719c3/go.mod h1:yL958EeXv8Ylng6IfnvG4oflryUi3vgA3xPs9hmII1s=
github.com/jinzhu/gorm v1.9.2/go.mod h1:Vla75njaFJ8clLU1W44h34PjIkijhjHIYnZxMqCdxqo=
github.com/jinzhu/inflection v0.0.0-20180308033659-04140366298a/go.mod h1:h+uFLlag+Qp1Va5pdKtLDYj+kHp5pxUVkryuEj+Srlc=
github.com/jinzhu/inflection v1.0.0/go.mod h1:h+uFLlag+Qp1Va5pdKtLDYj+kHp5pxUVkryuEj+Srlc=
github.com/jmespath/go-jmespath v0.0.0-20180206201540-c2b33e8439af/go.mod h1:Nht3zPeWKUH0NzdCt2Blrr5ys8VGpn0CEB0cQHVjt7k=
github.com/json-iterator/go v1.1.6/go.mod h1:+SdeFBvtyEkXs7REEP0seUULqWtbJapLOCVDaaPEHmU=
github.com/json-iterator/go v1.1.8/go.mod h1:KdQUCv79m/52Kvf8AW2vK1V8akMuk1QjK/uOdHXbAo4=
github.com/jtolds/gls v4.20.0+incompatible h1:xdiiI2gbIgH/gLH7ADydsJ1uDOEzR8yvV7C0MuV77Wo=
github.com/jtolds/gls v4.20.0+incompatible/go.mod h1:QJZ7F/aHp+rZTRtaJ1ow/lLfFfVYBRgL+9YlvaHOwJU=
github.com/julienschmidt/httprouter v1.2.0/go.mod h1:SYymIcj16QtmaHHD7aYtjjsJG7VTCxuUUipMqKk8s4w=
github.com/kisielk/errcheck v1.1.0/go.mod h1:EZBBE59ingxPouuu3KfxchcWSUPOHkagtvWXihfKN4Q=
github.com/kisielk/gotool v1.0.0/go.mod h1:XhKaO+MFFWcvkIS/tQcRk01m1F5IRFswLeQ+oQHNcck=
github.com/konsorten/go-windows-terminal-sequences v1.0.1/go.mod h1:T0+1ngSBFLxvqU3pZ+m/2kptfBszLMUkC4ZK/EgS/cQ=
github.com/kr/logfmt v0.0.0-20140226030751-b84e30acd515/go.mod h1:+0opPa2QZZtGFBFZlji/RkVcI2GknAs/DXo4wKdlNEc=
github.com/kr/pretty v0.1.0 h1:L/CwN0zerZDmRFUapSPitk6f+Q3+0za1rQkzVuMiMFI=
github.com/kr/pretty v0.1.0/go.mod h1:dAy3ld7l9f0ibDNOQOHHMYYIIbhfbHSm3C4ZsoJORNo=
github.com/kr/pty v1.1.1/go.mod h1:pFQYn66WHrOpPYNljwOMqo10TkYh1fy3cYio2l3bCsQ=
github.com/kr/text v0.1.0 h1:45sCR5RtlFHMR4UwH9sdQ5TC8v0qDQCHnXt+kaKSTVE=
github.com/kr/text v0.1.0/go.mod h1:4Jbv+DJW3UT/LiOwJeYQe1efqtUx/iVham/4vfdArNI=
github.com/lib/pq v1.0.0/go.mod h1:5WUZQaWbwv1U+lTReE5YruASi9Al49XbQIvNi/34Woo=
github.com/lyft/protoc-gen-validate v0.0.13/go.mod h1:XbGvPuh87YZc5TdIa2/I4pLk0QoUACkjt2znoq26NVQ=
github.com/machinebox/graphql v0.2.2/go.mod h1:F+kbVMHuwrQ5tYgU9JXlnskM8nOaFxCAEolaQybkjWA=
github.com/magiconair/properties v1.8.0/go.mod h1:PppfXfuXeibc/6YijjN8zIbojt8czPbwD3XqdrwzmxQ=
github.com/mailru/easyjson v0.0.0-20180730094502-03f2033d19d5 h1:0x4qcEHDpruK6ML/m/YSlFUUu0UpRD3I2PHsNCuGnyA=
github.com/mailru/easyjson v0.0.0-20180730094502-03f2033d19d5/go.mod h1:C1wdFJiN94OJF2b5HbByQZoLdCWB1Yqtg26g4irojpc=
github.com/matttproud/golang_protobuf_extensions v1.0.1/go.mod h1:D8He9yQNgCq6Z5Ld7szi9bcBfOoFv/3dc6xSMkL2PC0=
github.com/mitchellh/mapstructure v1.1.2 h1:fmNYVwqnSfB9mZU6OS2O6GsXM+wcskZDuKQzvN1EDeE=
github.com/mitchellh/mapstructure v1.1.2/go.mod h1:FVVH3fgwuzCH5S8UJGiWEs2h04kUh9fWfEaFds41c1Y=
github.com/modern-go/concurrent v0.0.0-20180228061459-e0a39a4cb421/go.mod h1:6dJC0mAP4ikYIbvyc7fijjWJddQyLn8Ig3JB5CqoB9Q=
github.com/modern-go/concurrent v0.0.0-20180306012644-bacd9c7ef1dd/go.mod h1:6dJC0mAP4ikYIbvyc7fijjWJddQyLn8Ig3JB5CqoB9Q=
github.com/modern-go/reflect2 v0.0.0-20180701023420-4b7aa43c6742/go.mod h1:bx2lNnkwVCuqBIxFjflWJWanXIb3RllmbCylyMrvgv0=
github.com/modern-go/reflect2 v1.0.1/go.mod h1:bx2lNnkwVCuqBIxFjflWJWanXIb3RllmbCylyMrvgv0=
github.com/mwitkow/go-conntrack v0.0.0-20161129095857-cc309e4a2223/go.mod h1:qRWi+5nqEBWmkhHvq77mSJWrCKwh8bxhgT7d/eI7P4U=
github.com/newrelic/go-agent v2.7.0+incompatible/go.mod h1:a8Fv1b/fYhFSReoTU6HDkTYIMZeSVNffmoS726Y0LzQ=
github.com/opencontainers/go-digest v1.0.0-rc1/go.mod h1:cMLVZDEM3+U2I4VmLI6N8jQYUd2OVphdqWwCJHrFt2s=
github.com/opencontainers/go-digest v1.0.0/go.mod h1:0JzlMkj0TRzQZfJkVvzbP0HBR3IKzErnv2BNG4W4MAM=
github.com/opencontainers/image-spec v1.0.1/go.mod h1:BtxoFyWECRxE4U/7sNtV5W15zMzWCbyJoFRP3s7yZA0=
github.com/opencontainers/runc v0.1.1/go.mod h1:qT5XzbpPznkRYVz/mWwUaVBUv2rmF59PVA73FjuZG0U=
github.com/opentracing/opentracing-go v1.0.2/go.mod h1:UkNAQd3GIcIGf0SeVgPpRdFStlNbqXla1AfSYxPUl2o=
github.com/opentracing/opentracing-go v1.1.0/go.mod h1:UkNAQd3GIcIGf0SeVgPpRdFStlNbqXla1AfSYxPUl2o=
github.com/ory/dockertest v3.3.2+incompatible/go.mod h1:1vX4m9wsvi00u5bseYwXaSnhNrne+V0E6LAcBILJdPs=
github.com/peterbourgon/g2s v0.0.0-20170223122336-d4e7ad98afea h1:sKwxy1H95npauwu8vtF95vG/syrL0p8fSZo/XlDg5gk=
github.com/peterbourgon/g2s v0.0.0-20170223122336-d4e7ad98afea/go.mod h1:1VcHEd3ro4QMoHfiNl/j7Jkln9+KQuorp0PItHMJYNg=
github.com/philhofer/fwd v1.0.0/go.mod h1:gk3iGcWd9+svBvR0sR+KPcfE+RNWozjowpeBVG3ZVNU=
github.com/pierrec/lz4 v0.0.0-20190327172049-315a67e90e41/go.mod h1:3/3N9NVKO0jef7pBehbT1qWhCMrIgbYNnFAZCqQ5LRc=
github.com/pierrec/lz4 v2.0.5+incompatible/go.mod h1:pdkljMzZIN41W+lC3N2tnIh5sFi+IEE17M5jbnwPHcY=
github.com/pierrec/lz4 v2.3.0+incompatible/go.mod h1:pdkljMzZIN41W+lC3N2tnIh5sFi+IEE17M5jbnwPHcY=
github.com/pkg/errors v0.8.0/go.mod h1:bwawxfHBFNV+L2hUp1rHADufV3IMtnDRdf1r5NINEl0=
github.com/pkg/errors v0.8.1 h1:iURUrRGxPUNPdy5/HRSm+Yj6okJ6UtLINN0Q9M4+h3I=
github.com/pkg/errors v0.8.1/go.mod h1:bwawxfHBFNV+L2hUp1rHADufV3IMtnDRdf1r5NINEl0=
github.com/pkg/profile v1.2.1/go.mod h1:hJw3o1OdXxsrSjjVksARp5W95eeEaEfptyVZyv6JUPA=
github.com/pmezard/go-difflib v1.0.0 h1:4DBwDE0NGyQoBHbLQYPwSUPoCMWR5BEzIk/f1lZbAQM=
github.com/pmezard/go-difflib v1.0.0/go.mod h1:iKH77koFhYxTK1pcRnkKkqfTogsbg7gZNVY4sRDYZ/4=
github.com/pressly/goose v2.4.5+incompatible/go.mod h1:m+QHWCqxR3k8D9l7qfzuC/djtlfzxr34mozWDYEu1z8=
github.com/pressly/goose v2.6.0+incompatible/go.mod h1:m+QHWCqxR3k8D9l7qfzuC/djtlfzxr34mozWDYEu1z8=
github.com/prometheus/client_golang v0.9.1/go.mod h1:7SWBe2y4D6OKWSNQJUaRYU/AaXPKyh/dDVn+NZz0KFw=
github.com/prometheus/client_golang v1.0.0/go.mod h1:db9x61etRT2tGnBNRi70OPL5FsnadC4Ky3P0J6CfImo=
github.com/prometheus/client_golang v1.3.0/go.mod h1:hJaj2vgQTGQmVCsAACORcieXFeDPbaTKGT+JTgUa3og=
github.com/prometheus/client_model v0.0.0-20180712105110-5c3871d89910/go.mod h1:MbSGuTsp3dbXC40dX6PRTWyKYBIrTGTE9sqQNg2J8bo=
github.com/prometheus/client_model v0.0.0-20190129233127-fd36f4220a90/go.mod h1:xMI15A0UPsDsEKsMN9yxemIoYk6Tm2C1GtYGdfGttqA=
github.com/prometheus/client_model v0.0.0-20190812154241-14fe0d1b01d4/go.mod h1:xMI15A0UPsDsEKsMN9yxemIoYk6Tm2C1GtYGdfGttqA=
github.com/prometheus/client_model v0.1.0/go.mod h1:xMI15A0UPsDsEKsMN9yxemIoYk6Tm2C1GtYGdfGttqA=
github.com/prometheus/common v0.4.1/go.mod h1:TNfzLD0ON7rHzMJeJkieUDPYmFC7Snx/y86RQel1bk4=
github.com/prometheus/common v0.7.0/go.mod h1:DjGbpBbp5NYNiECxcL/VnbXCCaQpKd3tt26CguLLsqA=
github.com/prometheus/procfs v0.0.0-20181005140218-185b4288413d/go.mod h1:c3At6R/oaqEKCNdg8wHV1ftS6bRYblBhIjjI8uT2IGk=
github.com/prometheus/procfs v0.0.2/go.mod h1:TjEm7ze935MbeOT/UhFTIMYKhuLP4wbCsTZCD3I8kEA=
github.com/prometheus/procfs v0.0.8/go.mod h1:7Qr8sr6344vo1JqZ6HhLceV9o3AJ1Ff+GxbHq6oeK9A=
github.com/quipo/statsd v0.0.0-20180118161217-3d6a5565f314 h1:86XpVGN4oVnVheHik6ioWg+1fOnWu1GgyNzV6cr2ifs=
github.com/quipo/statsd v0.0.0-20180118161217-3d6a5565f314/go.mod h1:1COUodqytMiv/GkAVUGhc0CA6e8xak5U4551TY7iEe0=
github.com/rcrowley/go-metrics v0.0.0-20181016184325-3113b8401b8a/go.mod h1:bCqnVzQkZxMG4s8nGwiZ5l3QUCyqpo9Y+/ZMZ9VjZe4=
github.com/rcrowley/go-metrics v0.0.0-20190706150252-9beb055b7962/go.mod h1:bCqnVzQkZxMG4s8nGwiZ5l3QUCyqpo9Y+/ZMZ9VjZe4=
github.com/rogpeppe/fastuuid v1.2.0/go.mod h1:jVj6XXZzXRy/MSR5jhDC/2q6DgLz+nrA6LYCDYWNEvQ=
github.com/rogpeppe/go-internal v1.3.0/go.mod h1:M8bDsm7K2OlrFYOpmOWEs/qY81heoFRclV5y23lUDJ4=
github.com/rs/xid v1.2.1/go.mod h1:+uKXf+4Djp6Md1KODXJxgGQPKngRmWyn10oCKFzNHOQ=
github.com/sirupsen/logrus v1.2.0/go.mod h1:LxeOpSwHxABJmUn/MG1IvRgCAasNZTLOkJPxbbu5VWo=
github.com/sirupsen/logrus v1.4.1/go.mod h1:ni0Sbl8bgC9z8RoU9G6nDWqqs/fq4eDPysMBDgk/93Q=
github.com/sirupsen/logrus v1.4.2/go.mod h1:tLMulIdttU9McNUspp0xgXVQah82FyeX6MwdIuYE2rE=
github.com/smartystreets/assertions v0.0.0-20180927180507-b2de0cb4f26d h1:zE9ykElWQ6/NYmHa3jpm/yHnI4xSofP+UP6SpjHcSeM=
github.com/smartystreets/assertions v0.0.0-20180927180507-b2de0cb4f26d/go.mod h1:OnSkiWE9lh6wB0YB77sQom3nweQdgAjqCqsofrRNTgc=
github.com/smartystreets/go-aws-auth v0.0.0-20180515143844-0c1422d1fdb9/go.mod h1:SnhjPscd9TpLiy1LpzGSKh3bXCfxxXuqd9xmQJy3slM=
github.com/smartystreets/goconvey v1.6.4 h1:fv0U8FUIMPNf1L9lnHLvLhgicrIVChEkdzIKYqbNC9s=
github.com/smartystreets/goconvey v1.6.4/go.mod h1:syvi0/a8iFYH4r/RixwvyeAJjdLS9QV7WQ/tjFTllLA=
github.com/smira/go-statsd v1.2.0 h1:ksnRU0dxIOERlPqCAc367UeIlrZkWnnDZ9uSEeVa8i4=
github.com/smira/go-statsd v1.2.0/go.mod h1:EeOJShgQdCLKihNKZrhYf9918MStmI2ueQ4I1kVSTFA=
github.com/spaolacci/murmur3 v1.1.0/go.mod h1:JwIasOWyU6f++ZhiEuf87xNszmSA2myDM2Kzu9HwQUA=
github.com/streadway/amqp v0.0.0-20190827072141-edfb9018d271/go.mod h1:AZpEONHx3DKn8O/DFsRAY58/XVQiIPMTMB1SddzLXVw=
github.com/stretchr/objx v0.1.0/go.mod h1:HFkY916IF+rwdDfMAkV7OtwuqBVzrE8GR6GFx+wExME=
github.com/stretchr/objx v0.1.1/go.mod h1:HFkY916IF+rwdDfMAkV7OtwuqBVzrE8GR6GFx+wExME=
github.com/stretchr/testify v1.2.2/go.mod h1:a8OnRcib4nhh0OaRAV+Yts87kKdq0PP7pXfy6kDkUVs=
github.com/stretchr/testify v1.3.0 h1:TivCn/peBQ7UY8ooIcPgZFpTNSz0Q2U6UrFlUfqbe0Q=
github.com/stretchr/testify v1.3.0/go.mod h1:M5WIy9Dh21IEIfnGCwXGc5bZfKNJtfHm1UVUgZn+9EI=
github.com/stretchr/testify v1.4.0 h1:2E4SXV/wtOkTonXsotYi4li6zVWxYlZuYNCXe9XRJyk=
github.com/stretchr/testify v1.4.0/go.mod h1:j7eGeouHqKxXV5pUuKE4zz7dFj8WfuZ+81PSLYec5m4=
github.com/tinylib/msgp v1.1.1/go.mod h1:+d+yLhGm8mzTaHzB+wgMYrodPfmZrzkirds8fDWklFE=
github.com/toldjuuso/go-jaro-winkler-distance v0.0.0-20170618121139-277e4e08ce41 h1:z5cM68vgILYWoKddyc4wgztCedoWTcBbJCAQzIpglp0=
github.com/toldjuuso/go-jaro-winkler-distance v0.0.0-20170618121139-277e4e08ce41/go.mod h1:b6WYb44vVEEJP3WP6N3K1Rl+TxmY5yWJLd4Te8cQGoc=
github.com/tonyghita/graphql-go-example v0.0.0-20180302050012-b146e6978305/go.mod h1:/jmmueOfxBbIYCSE00NhyH0ru7ONit9NrLWiNLlOmww=
github.com/xdg/scram v0.0.0-20180814205039-7eeb5667e42c/go.mod h1:lB8K/P019DLNhemzwFU4jHLhdvlE6uDZjXFejJXr49I=
github.com/xdg/stringprep v1.0.0/go.mod h1:Jhud4/sHMO4oL310DaZAKk9ZaJ08SJfe+sJh0HrGL1Y=
go.uber.org/atomic v1.3.2/go.mod h1:gD2HeocX3+yG+ygLZcrzQJaqmWj9AIm7n08wl/qW/PE=
go.uber.org/atomic v1.4.0/go.mod h1:gD2HeocX3+yG+ygLZcrzQJaqmWj9AIm7n08wl/qW/PE=
go.uber.org/atomic v1.5.0 h1:OI5t8sDa1Or+q8AeE+yKeB/SDYioSHAgcVljj9JIETY=
go.uber.org/atomic v1.5.0/go.mod h1:sABNBOSYdrvTF6hTgEIbc7YasKWGhgEQZyfxyTvoXHQ=
go.uber.org/multierr v1.1.0/go.mod h1:wR5kodmAFQ0UK8QlbwjlSNy0Z68gJhDJUG5sjR94q/0=
go.uber.org/multierr v1.4.0 h1:f3WCSC2KzAcBXGATIxAB1E2XuCpNU255wNKZ505qi3E=
go.uber.org/multierr v1.4.0/go.mod h1:VgVr7evmIr6uPjLBxg28wmKNXyqE9akIJ5XnfpiKl+4=
go.uber.org/tools v0.0.0-20190618225709-2cfd321de3ee h1:0mgffUl7nfd+FpvXMVz4IDEaUSmT1ysygQC7qYo7sG4=
go.uber.org/tools v0.0.0-20190618225709-2cfd321de3ee/go.mod h1:vJERXedbb3MVM5f9Ejo0C68/HhF8uaILCdgjnY+goOA=
go.uber.org/zap v1.9.1 h1:XCJQEf3W6eZaVwhRBof6ImoYGJSITeKWsyeh3HFu/5o=
go.uber.org/zap v1.9.1/go.mod h1:vwi/ZaCAaUcBkycHslxD9B2zi4UTXhF60s6SWpuDF0Q=
go.uber.org/zap v1.10.0 h1:ORx85nbTijNz8ljznvCMR1ZBIPKFn3jQrag10X2AsuM=
go.uber.org/zap v1.10.0/go.mod h1:vwi/ZaCAaUcBkycHslxD9B2zi4UTXhF60s6SWpuDF0Q=
golang.org/x/crypto v0.0.0-20180904163835-0709b304e793/go.mod h1:6SG95UA2DQfeDnfUPMdvaQW0Q7yPrPDi9nlGo2tz2b4=
golang.org/x/crypto v0.0.0-20190308221718-c2843e01d9a2/go.mod h1:djNgcEr1/C05ACkg1iLfiJU5Ep61QUkGW8qpdssI0+w=
golang.org/x/crypto v0.0.0-20190404164418-38d8ce5564a5/go.mod h1:WFFai1msRO1wXaEeE5yQxYXgSfI8pQAWXbQop6sCtWE=
golang.org/x/crypto v0.0.0-20190510104115-cbcb75029529/go.mod h1:yigFU9vqHzYiE8UmvKecakEJjdnWj3jj499lnFckfCI=
golang.org/x/crypto v0.0.0-20200622213623-75b288015ac9/go.mod h1:LzIPMQfyMNhhGPhUkYOs5KpL4U8rLKemX1yGLhDgUto=
golang.org/x/exp v0.0.0-20190121172915-509febef88a4/go.mod h1:CJ0aWSM057203Lf6IL+f9T1iT9GByDxfZKAQTCR3kQA=
golang.org/x/lint v0.0.0-20180702182130-06c8688daad7/go.mod h1:UVdnD1Gm6xHRNCYTkRU2/jEulfH38KcIWyp/GAMgvoE=
golang.org/x/lint v0.0.0-20181026193005-c67002cb31c3/go.mod h1:UVdnD1Gm6xHRNCYTkRU2/jEulfH38KcIWyp/GAMgvoE=
golang.org/x/lint v0.0.0-20190227174305-5b3e6a55c961/go.mod h1:wehouNa3lNwaWXcvxsM5YxQ5yQlVC4a0KAMCusXpPoU=
golang.org/x/lint v0.0.0-20190313153728-d0100b6bd8b3/go.mod h1:6SW0HCj/g11FgYtHlgUYUwCkIfeOF89ocIRzGO/8vkc=
golang.org/x/lint v0.0.0-20190930215403-16217165b5de h1:5hukYrvBGR8/eNkX5mdUezrA6JiaEZDtJb9Ei+1LlBs=
golang.org/x/lint v0.0.0-20190930215403-16217165b5de/go.mod h1:6SW0HCj/g11FgYtHlgUYUwCkIfeOF89ocIRzGO/8vkc=
golang.org/x/mod v0.0.0-20190513183733-4bf6d317e70e/go.mod h1:mXi4GBBbnImb6dmsKGUJ2LatrhH/nqhxcFungHvyanc=
golang.org/x/net v0.0.0-20180724234803-3673e40ba225/go.mod h1:mL1N/T3taQHkDXs73rZJwtUhF3w3ftmwwsq0BUmARs4=
golang.org/x/net v0.0.0-20180826012351-8a410e7b638d/go.mod h1:mL1N/T3taQHkDXs73rZJwtUhF3w3ftmwwsq0BUmARs4=
golang.org/x/net v0.0.0-20181106065722-10aee1819953/go.mod h1:mL1N/T3taQHkDXs73rZJwtUhF3w3ftmwwsq0BUmARs4=
golang.org/x/net v0.0.0-20181114220301-adae6a3d119a/go.mod h1:mL1N/T3taQHkDXs73rZJwtUhF3w3ftmwwsq0BUmARs4=
golang.org/x/net v0.0.0-20181207154023-610586996380/go.mod h1:mL1N/T3taQHkDXs73rZJwtUhF3w3ftmwwsq0BUmARs4=
golang.org/x/net v0.0.0-20190108225652-1e06a53dbb7e/go.mod h1:mL1N/T3taQHkDXs73rZJwtUhF3w3ftmwwsq0BUmARs4=
golang.org/x/net v0.0.0-20190125091013-d26f9f9a57f3/go.mod h1:mL1N/T3taQHkDXs73rZJwtUhF3w3ftmwwsq0BUmARs4=
golang.org/x/net v0.0.0-20190206173232-65e2d4e15006/go.mod h1:mL1N/T3taQHkDXs73rZJwtUhF3w3ftmwwsq0BUmARs4=
golang.org/x/net v0.0.0-20190213061140-3a22650c66bd/go.mod h1:mL1N/T3taQHkDXs73rZJwtUhF3w3ftmwwsq0BUmARs4=
golang.org/x/net v0.0.0-20190311183353-d8887717615a/go.mod h1:t9HGtf8HONx5eT2rtn7q6eTqICYqUVnKs3thJo3Qplg=
golang.org/x/net v0.0.0-20190404232315-eb5bcb51f2a3/go.mod h1:t9HGtf8HONx5eT2rtn7q6eTqICYqUVnKs3thJo3Qplg=
golang.org/x/net v0.0.0-20190613194153-d28f0bde5980/go.mod h1:z5CRVTTTmAJ677TzLLGU+0bjPO0LkuOLi4/5GtJWs/s=
golang.org/x/net v0.0.0-20190620200207-3b0461eec859 h1:R/3boaszxrf1GEUWTVDzSKVwLmSJpwZ1yqXm8j0v2QI=
golang.org/x/net v0.0.0-20190620200207-3b0461eec859/go.mod h1:z5CRVTTTmAJ677TzLLGU+0bjPO0LkuOLi4/5GtJWs/s=
golang.org/x/net v0.0.0-20200822124328-c89045814202 h1:VvcQYSHwXgi7W+TpUR6A9g6Up98WAHf3f/ulnJ62IyA=
golang.org/x/net v0.0.0-20200822124328-c89045814202/go.mod h1:/O7V0waA8r7cgGh81Ro3o1hOxt32SMVPicZroKQ2sZA=
golang.org/x/oauth2 v0.0.0-20180821212333-d2e6202438be/go.mod h1:N/0e6XlmueqKjAGxoOufVs8QHGRruUQn6yWY3a++T0U=
golang.org/x/oauth2 v0.0.0-20200107190931-bf48bf16ab8d/go.mod h1:gOpvHmFTYa4IltrdGE7lF6nIHvwfUNPOp7c8zoXwtLw=
golang.org/x/sync v0.0.0-20180314180146-1d60e4601c6f/go.mod h1:RxMgew5VJxzue5/jJTE5uejpjVlOe/izrB70Jof72aM=
golang.org/x/sync v0.0.0-20181108010431-42b317875d0f/go.mod h1:RxMgew5VJxzue5/jJTE5uejpjVlOe/izrB70Jof72aM=
golang.org/x/sync v0.0.0-20181221193216-37e7f081c4d4/go.mod h1:RxMgew5VJxzue5/jJTE5uejpjVlOe/izrB70Jof72aM=
golang.org/x/sync v0.0.0-20190423024810-112230192c58/go.mod h1:RxMgew5VJxzue5/jJTE5uejpjVlOe/izrB70Jof72aM=
golang.org/x/sync v0.0.0-20190911185100-cd5d95a43a6e/go.mod h1:RxMgew5VJxzue5/jJTE5uejpjVlOe/izrB70Jof72aM=
golang.org/x/sys v0.0.0-20180830151530-49385e6e1522/go.mod h1:STP8DvDyc/dI5b8T5hshtkjS+E42TnysNCUPdjciGhY=
golang.org/x/sys v0.0.0-20180905080454-ebe1bf3edb33/go.mod h1:STP8DvDyc/dI5b8T5hshtkjS+E42TnysNCUPdjciGhY=
golang.org/x/sys v0.0.0-20181116152217-5ac8a444bdc5/go.mod h1:STP8DvDyc/dI5b8T5hshtkjS+E42TnysNCUPdjciGhY=
golang.org/x/sys v0.0.0-20190215142949-d0b11bdaac8a/go.mod h1:STP8DvDyc/dI5b8T5hshtkjS+E42TnysNCUPdjciGhY=
golang.org/x/sys v0.0.0-20190403152447-81d4e9dc473e/go.mod h1:h1NjWce9XRLGQEsW7wpKNCjG9DtNlClVuFLEZdDNbEs=
golang.org/x/sys v0.0.0-20190412213103-97732733099d h1:+R4KGOnez64A81RvjARKc4UT5/tI9ujCIVX+P5KiHuI=
golang.org/x/sys v0.0.0-20190412213103-97732733099d/go.mod h1:h1NjWce9XRLGQEsW7wpKNCjG9DtNlClVuFLEZdDNbEs=
golang.org/x/sys v0.0.0-20190422165155-953cdadca894/go.mod h1:h1NjWce9XRLGQEsW7wpKNCjG9DtNlClVuFLEZdDNbEs=
golang.org/x/sys v0.0.0-20191220142924-d4481acd189f h1:68K/z8GLUxV76xGSqwTWw2gyk/jwn79LUL43rES2g8o=
golang.org/x/sys v0.0.0-20191220142924-d4481acd189f/go.mod h1:h1NjWce9XRLGQEsW7wpKNCjG9DtNlClVuFLEZdDNbEs=
golang.org/x/sys v0.0.0-20200323222414-85ca7c5b95cd h1:xhmwyvizuTgC2qz7ZlMluP20uW+C3Rm0FD/WLDX8884=
golang.org/x/sys v0.0.0-20200323222414-85ca7c5b95cd/go.mod h1:h1NjWce9XRLGQEsW7wpKNCjG9DtNlClVuFLEZdDNbEs=
golang.org/x/text v0.3.0 h1:g61tztE5qeGQ89tm6NTjjM9VPIm088od1l6aSorWRWg=
golang.org/x/text v0.3.0/go.mod h1:NqM8EUOU14njkJ3fqMW+pc6Ldnwhi/IjpwHt7yyuwOQ=
golang.org/x/time v0.0.0-20191024005414-555d28b269f0/go.mod h1:tRJNPiyCQ0inRvYxbN9jk5I+vvW/OXSQhTDSoE431IQ=
golang.org/x/tools v0.0.0-20180221164845-07fd8470d635/go.mod h1:n7NCudcB/nEzxVGmLbDWY5pfWTLqBcC2KZ6jyYvM4mQ=
golang.org/x/tools v0.0.0-20180828015842-6cd1fcedba52/go.mod h1:n7NCudcB/nEzxVGmLbDWY5pfWTLqBcC2KZ6jyYvM4mQ=
golang.org/x/tools v0.0.0-20190114222345-bf090417da8b/go.mod h1:n7NCudcB/nEzxVGmLbDWY5pfWTLqBcC2KZ6jyYvM4mQ=
golang.org/x/tools v0.0.0-20190226205152-f727befe758c/go.mod h1:9Yl7xja0Znq3iFh3HoIrodX9oNMXvdceNzlUR8zjMvY=
golang.org/x/tools v0.0.0-20190311212946-11955173bddd/go.mod h1:LCzVGOaR6xXOjkQ3onu1FJEFr0SW1gC7cKk1uF8kGRs=
golang.org/x/tools v0.0.0-20190328211700-ab21143f2384/go.mod h1:LCzVGOaR6xXOjkQ3onu1FJEFr0SW1gC7cKk1uF8kGRs=
golang.org/x/tools v0.0.0-20190425150028-36563e24a262/go.mod h1:RgjU9mgBXZiqYHBnxXauZ1Gv1EHHAz9KjViQ78xBX0Q=
golang.org/x/tools v0.0.0-20190524140312-2c0ae7006135/go.mod h1:RgjU9mgBXZiqYHBnxXauZ1Gv1EHHAz9KjViQ78xBX0Q=
golang.org/x/tools v0.0.0-20190621195816-6e04913cbbac/go.mod h1:/rFqwRUd4F7ZHNgwSSTFct+R/Kf4OFW1sUzUTQQTgfc=
golang.org/x/tools v0.0.0-20191029041327-9cc4af7d6b2c/go.mod h1:b+2E5dAYhXwXZwtnZ6UAqBI28+e2cm9otk0dWdXHAEo=
golang.org/x/tools v0.0.0-20191029190741-b9c20aec41a5 h1:hKsoRgsbwY1NafxrwTs+k64bikrLBkAgPir1TNCj3Zs=
golang.org/x/tools v0.0.0-20191029190741-b9c20aec41a5/go.mod h1:b+2E5dAYhXwXZwtnZ6UAqBI28+e2cm9otk0dWdXHAEo=
golang.org/x/xerrors v0.0.0-20190717185122-a985d3407aa7/go.mod h1:I/5z698sn9Ka8TeJc9MKroUUfqBBauWjQqLJ2OPfmY0=
golang.org/x/xerrors v0.0.0-20191204190536-9bdfabe68543/go.mod h1:I/5z698sn9Ka8TeJc9MKroUUfqBBauWjQqLJ2OPfmY0=
golang.org/x/xerrors v0.0.0-20200804184101-5ec99f83aff1/go.mod h1:I/5z698sn9Ka8TeJc9MKroUUfqBBauWjQqLJ2OPfmY0=
google.golang.org/appengine v1.1.0/go.mod h1:EbEs0AVv82hx2wNQdGPgUI5lhzA/G0D9YwlJXL52JkM=
google.golang.org/appengine v1.4.0 h1:/wp5JvzpHIxhs/dumFmF7BXTf3Z+dd4uXta4kVyO508=
google.golang.org/appengine v1.4.0/go.mod h1:xpcJRLb0r/rnEns0DIKYYv+WjYCduHsrkT7/EB5XEv4=
google.golang.org/genproto v0.0.0-20180817151627-c66870c02cf8/go.mod h1:JiN7NxoALGmiZfu7CAH4rXhgtRTLTxftemlI0sWmxmc=
google.golang.org/genproto v0.0.0-20181202183823-bd91e49a0898/go.mod h1:7Ep/1NZk928CDR8SjdVbjWNpdIf6nzjE3BTgJDr2Atg=
google.golang.org/genproto v0.0.0-20190128161407-8ac453e89fca h1:L1odPN6KVjhk0Lbg41BKcjGjP7ELTvh/qDcyh6hEfv0=
google.golang.org/genproto v0.0.0-20190128161407-8ac453e89fca/go.mod h1:L3J43x8/uS+qIUoksaLKe6OS3nUKxOKuIFz1sl2/jx4=
google.golang.org/genproto v0.0.0-20190819201941-24fa4b261c55 h1:gSJIx1SDwno+2ElGhA4+qG2zF97qiUzTM+rQ0klBOcE=
google.golang.org/genproto v0.0.0-20190819201941-24fa4b261c55/go.mod h1:DMBHOl98Agz4BDEuKkezgsaosCRResVns1a3J2ZsMNc=
google.golang.org/genproto v0.0.0-20200513103714-09dca8ec2884 h1:fiNLklpBwWK1mth30Hlwk+fcdBmIALlgF5iy77O37Ig=
google.golang.org/genproto v0.0.0-20200513103714-09dca8ec2884/go.mod h1:55QSHmfGQM9UVYDPBsyGGes0y52j32PQ3BqQfXhyH3c=
google.golang.org/grpc v1.16.0/go.mod h1:0JHn/cJsOMiMfNA9+DeHDlAU7KAAB5GDlYFpa9MZMio=
google.golang.org/grpc v1.17.0/go.mod h1:6QZJwpn2B+Zp71q/5VxRsJ6NXXVCE5NRUHRo+f3cWCs=
google.golang.org/grpc v1.18.0/go.mod h1:6QZJwpn2B+Zp71q/5VxRsJ6NXXVCE5NRUHRo+f3cWCs=
google.golang.org/grpc v1.19.0/go.mod h1:mqu4LbDTu4XGKhr4mRzUsmM4RtVoemTSY81AxZiDr8c=
google.golang.org/grpc v1.20.0/go.mod h1:chYK+tFQF0nDUGJgXMSgLCQk3phJEuONr2DCgLDdAQM=
google.golang.org/grpc v1.20.1 h1:Hz2g2wirWK7H0qIIhGIqRGTuMwTE8HEKFnDZZ7lm9NU=
google.golang.org/grpc v1.20.1/go.mod h1:10oTOabMzJvdu6/UiuZezV6QK5dSlG84ov/aaiqXj38=
google.golang.org/grpc v1.23.0/go.mod h1:Y5yQAOtifL1yxbo5wqy6BxZv8vAUGQwXBOALyacEbxg=
google.golang.org/grpc v1.25.1/go.mod h1:c3i+UQWmh7LiEpx4sFZnkU36qjEYZ0imhYfXVyQciAY=
google.golang.org/grpc v1.27.0/go.mod h1:qbnxyOmOxrQa7FizSgH+ReBfzJrCY1pSN7KXBS8abTk=
google.golang.org/grpc v1.33.1 h1:DGeFlSan2f+WEtCERJ4J9GJWk15TxUi8QGagfI87Xyc=
google.golang.org/grpc v1.33.1/go.mod h1:fr5YgcSWrqhRRxogOsw7RzIpsmvOZ6IcH4kBYTpR3n0=
gopkg.in/DataDog/dd-trace-go.v1 v1.22.0/go.mod h1:DVp8HmDh8PuTu2Z0fVVlBsyWaC++fzwVCaGWylTe3tg=
gopkg.in/alecthomas/kingpin.v2 v2.2.6/go.mod h1:FMv+mEhP44yOT+4EoQTLFTRgOQ1FBLkstjWtayDeSgw=
gopkg.in/alexcesaro/statsd.v2 v2.0.0 h1:FXkZSCZIH17vLCO5sO2UucTHsH9pc+17F6pl3JVCwMc=
gopkg.in/alexcesaro/statsd.v2 v2.0.0/go.mod h1:i0ubccKGzBVNBpdGV5MocxyA/XlLUJzA7SLonnE4drU=
gopkg.in/check.v1 v0.0.0-20161208181325-20d25e280405/go.mod h1:Co6ibVJAznAaIkqp8huTwlJQCZ016jof/cbN4VW5Yz0=
gopkg.in/check.v1 v1.0.0-20180628173108-788fd7840127 h1:qIbj1fsPNlZgppZ+VLlY7N33q108Sa+fhmuc+sWQYwY=
gopkg.in/check.v1 v1.0.0-20180628173108-788fd7840127/go.mod h1:Co6ibVJAznAaIkqp8huTwlJQCZ016jof/cbN4VW5Yz0=
gopkg.in/couchbase/gocb.v1 v1.5.1/go.mod h1:Ri5Qok4ZKiwmPr75YxZ0uELQy45XJgUSzeUnK806gTY=
gopkg.in/couchbase/gocb.v1 v1.6.1/go.mod h1:Ri5Qok4ZKiwmPr75YxZ0uELQy45XJgUSzeUnK806gTY=
gopkg.in/couchbase/gocbcore.v7 v7.1.9/go.mod h1:48d2Be0MxRtsyuvn+mWzqmoGUG9uA00ghopzOs148/E=
gopkg.in/couchbase/gocbcore.v7 v7.1.13/go.mod h1:48d2Be0MxRtsyuvn+mWzqmoGUG9uA00ghopzOs148/E=
gopkg.in/couchbaselabs/gocbconnstr.v1 v1.0.2/go.mod h1:ZjII0iKx4Veo6N6da+pEZu/ptNyKLg9QTVt7fFmR6sw=
gopkg.in/couchbaselabs/gocbconnstr.v1 v1.0.3/go.mod h1:ZjII0iKx4Veo6N6da+pEZu/ptNyKLg9QTVt7fFmR6sw=
gopkg.in/couchbaselabs/gojcbmock.v1 v1.0.3/go.mod h1:jl/gd/aQ2S8whKVSTnsPs6n7BPeaAuw9UglBD/OF7eo=
gopkg.in/couchbaselabs/jsonx.v1 v1.0.0/go.mod h1:oR201IRovxvLW/eISevH12/+MiKHtNQAKfcX8iWZvJY=
gopkg.in/errgo.v2 v2.1.0/go.mod h1:hNsd1EY+bozCKY1Ytp96fpM3vjJbqLJn88ws8XvfDNI=
gopkg.in/jcmturner/aescts.v1 v1.0.1/go.mod h1:nsR8qBOg+OucoIW+WMhB3GspUQXq9XorLnQb9XtvcOo=
gopkg.in/jcmturner/dnsutils.v1 v1.0.1/go.mod h1:m3v+5svpVOhtFAP/wSz+yzh4Mc0Fg7eRhxkJMWSIz9Q=
gopkg.in/jcmturner/goidentity.v3 v3.0.0/go.mod h1:oG2kH0IvSYNIu80dVAyu/yoefjq1mNfM5bm88whjWx4=
gopkg.in/jcmturner/gokrb5.v7 v7.2.3/go.mod h1:l8VISx+WGYp+Fp7KRbsiUuXTTOnxIc3Tuvyavf11/WM=
gopkg.in/jcmturner/rpc.v1 v1.1.0/go.mod h1:YIdkC4XfD6GXbzje11McwsDuOlZQSb9W4vfLvuNnlv8=
gopkg.in/natefinch/lumberjack.v2 v2.0.0 h1:1Lc07Kr7qY4U2YPouBjpCLxpiyxIVoxqXgkXLknAOE8=
gopkg.in/natefinch/lumberjack.v2 v2.0.0/go.mod h1:l0ndWWf7gzL7RNwBG7wST/UCcT4T24xpD6X8LsfU/+k=
gopkg.in/olivere/elastic.v5 v5.0.80 h1:AKjfcq3ZIAAqO4m8h/vJ3GP6nY8n9ft5mgf54fEqC60=
gopkg.in/olivere/elastic.v5 v5.0.80/go.mod h1:uhHoB4o3bvX5sorxBU29rPcmBQdV2Qfg0FBrx5D6pV0=
gopkg.in/yaml.v2 v2.2.1/go.mod h1:hI93XBmqTisBFMUTm0b8Fm+jr3Dg1NNxqwp+5A1VGuI=
gopkg.in/yaml.v2 v2.2.2 h1:ZCJp+EgiOT7lHqUV2J862kp8Qj64Jo6az82+3Td9dZw=
gopkg.in/yaml.v2 v2.2.2/go.mod h1:hI93XBmqTisBFMUTm0b8Fm+jr3Dg1NNxqwp+5A1VGuI=
gopkg.in/yaml.v2 v2.2.3/go.mod h1:hI93XBmqTisBFMUTm0b8Fm+jr3Dg1NNxqwp+5A1VGuI=
gopkg.in/yaml.v2 v2.2.7 h1:VUgggvou5XRW9mHwD/yXxIYSMtY0zoKQf/v226p2nyo=
gopkg.in/yaml.v2 v2.2.7/go.mod h1:hI93XBmqTisBFMUTm0b8Fm+jr3Dg1NNxqwp+5A1VGuI=
honnef.co/go/tools v0.0.0-20180728063816-88497007e858/go.mod h1:rf3lG4BRIbNafJWhAfAdb/ePZxsR/4RtNHQocxwk9r4=
honnef.co/go/tools v0.0.0-20190102054323-c2f93a96b099/go.mod h1:rf3lG4BRIbNafJWhAfAdb/ePZxsR/4RtNHQocxwk9r4=
honnef.co/go/tools v0.0.0-20190523083050-ea95bdfd59fc/go.mod h1:rf3lG4BRIbNafJWhAfAdb/ePZxsR/4RtNHQocxwk9r4=
honnef.co/go/tools v0.0.1-2019.2.3 h1:3JgtbtFHMiCmsznwGVTUWbgGov+pVqnlf1dEJTNAXeM=
honnef.co/go/tools v0.0.1-2019.2.3/go.mod h1:a3bituU0lyd329TUQxRnasdCoJDkEUEAqEt0JzvZhAg=
